// !$*UTF8*$!
{
	archiveVersion = 1;
	classes = {
	};
	objectVersion = 50;
	objects = {

/* Begin PBXBuildFile section */
		C75580AE22963CA800FD6175 /* AppDelegate.m in Sources */ = {isa = PBXBuildFile; fileRef = C75580AD22963CA800FD6175 /* AppDelegate.m */; };
		C75580B122963CA800FD6175 /* ViewController.m in Sources */ = {isa = PBXBuildFile; fileRef = C75580B022963CA800FD6175 /* ViewController.m */; };
		C75580B422963CA800FD6175 /* Main.storyboard in Resources */ = {isa = PBXBuildFile; fileRef = C75580B222963CA800FD6175 /* Main.storyboard */; };
		C75580B622963CA800FD6175 /* Assets.xcassets in Resources */ = {isa = PBXBuildFile; fileRef = C75580B522963CA800FD6175 /* Assets.xcassets */; };
		C75580B922963CA800FD6175 /* LaunchScreen.storyboard in Resources */ = {isa = PBXBuildFile; fileRef = C75580B722963CA800FD6175 /* LaunchScreen.storyboard */; };
		C75580BC22963CA800FD6175 /* main.m in Sources */ = {isa = PBXBuildFile; fileRef = C75580BB22963CA800FD6175 /* main.m */; };
		E9095B92E63B93A6985AEBA7 /* libPods-CocoaPodsTest.a in Frameworks */ = {isa = PBXBuildFile; fileRef = 9CB377E1626C10D581F4C508 /* libPods-CocoaPodsTest.a */; };
/* End PBXBuildFile section */

/* Begin PBXFileReference section */
		074BFDEA97F5038A6542CE62 /* Pods-CocoaPodsTest.debug.xcconfig */ = {isa = PBXFileReference; includeInIndex = 1; lastKnownFileType = text.xcconfig; name = "Pods-CocoaPodsTest.debug.xcconfig"; path = "Target Support Files/Pods-CocoaPodsTest/Pods-CocoaPodsTest.debug.xcconfig"; sourceTree = "<group>"; };
		9CB377E1626C10D581F4C508 /* libPods-CocoaPodsTest.a */ = {isa = PBXFileReference; explicitFileType = archive.ar; includeInIndex = 0; path = "libPods-CocoaPodsTest.a"; sourceTree = BUILT_PRODUCTS_DIR; };
		C75580A922963CA800FD6175 /* CocoaPodsTest.app */ = {isa = PBXFileReference; explicitFileType = wrapper.application; includeInIndex = 0; path = CocoaPodsTest.app; sourceTree = BUILT_PRODUCTS_DIR; };
		C75580AC22963CA800FD6175 /* AppDelegate.h */ = {isa = PBXFileReference; lastKnownFileType = sourcecode.c.h; path = AppDelegate.h; sourceTree = "<group>"; };
		C75580AD22963CA800FD6175 /* AppDelegate.m */ = {isa = PBXFileReference; lastKnownFileType = sourcecode.c.objc; path = AppDelegate.m; sourceTree = "<group>"; };
		C75580AF22963CA800FD6175 /* ViewController.h */ = {isa = PBXFileReference; lastKnownFileType = sourcecode.c.h; path = ViewController.h; sourceTree = "<group>"; };
		C75580B022963CA800FD6175 /* ViewController.m */ = {isa = PBXFileReference; lastKnownFileType = sourcecode.c.objc; path = ViewController.m; sourceTree = "<group>"; };
		C75580B322963CA800FD6175 /* Base */ = {isa = PBXFileReference; lastKnownFileType = file.storyboard; name = Base; path = Base.lproj/Main.storyboard; sourceTree = "<group>"; };
		C75580B522963CA800FD6175 /* Assets.xcassets */ = {isa = PBXFileReference; lastKnownFileType = folder.assetcatalog; path = Assets.xcassets; sourceTree = "<group>"; };
		C75580B822963CA800FD6175 /* Base */ = {isa = PBXFileReference; lastKnownFileType = file.storyboard; name = Base; path = Base.lproj/LaunchScreen.storyboard; sourceTree = "<group>"; };
		C75580BA22963CA800FD6175 /* Info.plist */ = {isa = PBXFileReference; lastKnownFileType = text.plist.xml; path = Info.plist; sourceTree = "<group>"; };
		C75580BB22963CA800FD6175 /* main.m */ = {isa = PBXFileReference; lastKnownFileType = sourcecode.c.objc; path = main.m; sourceTree = "<group>"; };
		CBF5E7F3BA632402B8DD6A42 /* Pods-CocoaPodsTest.release.xcconfig */ = {isa = PBXFileReference; includeInIndex = 1; lastKnownFileType = text.xcconfig; name = "Pods-CocoaPodsTest.release.xcconfig"; path = "Target Support Files/Pods-CocoaPodsTest/Pods-CocoaPodsTest.release.xcconfig"; sourceTree = "<group>"; };
/* End PBXFileReference section */

/* Begin PBXFrameworksBuildPhase section */
		C75580A622963CA800FD6175 /* Frameworks */ = {
			isa = PBXFrameworksBuildPhase;
			buildActionMask = 2147483647;
			files = (
				E9095B92E63B93A6985AEBA7 /* libPods-CocoaPodsTest.a in Frameworks */,
			);
			runOnlyForDeploymentPostprocessing = 0;
		};
/* End PBXFrameworksBuildPhase section */

/* Begin PBXGroup section */
		B129D1D3B6A89EE79D968BA9 /* Frameworks */ = {
			isa = PBXGroup;
			children = (
				9CB377E1626C10D581F4C508 /* libPods-CocoaPodsTest.a */,
			);
			name = Frameworks;
			sourceTree = "<group>";
		};
		C75580A022963CA800FD6175 = {
			isa = PBXGroup;
			children = (
				C75580AB22963CA800FD6175 /* CocoaPodsTest */,
				C75580AA22963CA800FD6175 /* Products */,
				EF77D0350C3C8891E22E4C3F /* Pods */,
				B129D1D3B6A89EE79D968BA9 /* Frameworks */,
			);
			sourceTree = "<group>";
		};
		C75580AA22963CA800FD6175 /* Products */ = {
			isa = PBXGroup;
			children = (
				C75580A922963CA800FD6175 /* CocoaPodsTest.app */,
			);
			name = Products;
			sourceTree = "<group>";
		};
		C75580AB22963CA800FD6175 /* CocoaPodsTest */ = {
			isa = PBXGroup;
			children = (
				C75580AC22963CA800FD6175 /* AppDelegate.h */,
				C75580AD22963CA800FD6175 /* AppDelegate.m */,
				C75580AF22963CA800FD6175 /* ViewController.h */,
				C75580B022963CA800FD6175 /* ViewController.m */,
				C75580B222963CA800FD6175 /* Main.storyboard */,
				C75580B522963CA800FD6175 /* Assets.xcassets */,
				C75580B722963CA800FD6175 /* LaunchScreen.storyboard */,
				C75580BA22963CA800FD6175 /* Info.plist */,
				C75580BB22963CA800FD6175 /* main.m */,
			);
			path = CocoaPodsTest;
			sourceTree = "<group>";
		};
		EF77D0350C3C8891E22E4C3F /* Pods */ = {
			isa = PBXGroup;
			children = (
				074BFDEA97F5038A6542CE62 /* Pods-CocoaPodsTest.debug.xcconfig */,
				CBF5E7F3BA632402B8DD6A42 /* Pods-CocoaPodsTest.release.xcconfig */,
			);
			path = Pods;
			sourceTree = "<group>";
		};
/* End PBXGroup section */

/* Begin PBXNativeTarget section */
		C75580A822963CA800FD6175 /* CocoaPodsTest */ = {
			isa = PBXNativeTarget;
			buildConfigurationList = C75580BF22963CA800FD6175 /* Build configuration list for PBXNativeTarget "CocoaPodsTest" */;
			buildPhases = (
				02FA2BC4716E82396F8BBF60 /* [CP] Check Pods Manifest.lock */,
				C75580A522963CA800FD6175 /* Sources */,
				C75580A622963CA800FD6175 /* Frameworks */,
				C75580A722963CA800FD6175 /* Resources */,
			);
			buildRules = (
			);
			dependencies = (
			);
			name = CocoaPodsTest;
			productName = CocoaPodsTest;
			productReference = C75580A922963CA800FD6175 /* CocoaPodsTest.app */;
			productType = "com.apple.product-type.application";
		};
/* End PBXNativeTarget section */

/* Begin PBXProject section */
		C75580A122963CA800FD6175 /* Project object */ = {
			isa = PBXProject;
			attributes = {
				LastUpgradeCheck = 1020;
				ORGANIZATIONNAME = "Vincent Isambart";
				TargetAttributes = {
					C75580A822963CA800FD6175 = {
						CreatedOnToolsVersion = 10.2.1;
					};
				};
			};
			buildConfigurationList = C75580A422963CA800FD6175 /* Build configuration list for PBXProject "CocoaPodsTest" */;
			compatibilityVersion = "Xcode 9.3";
			developmentRegion = en;
			hasScannedForEncodings = 0;
			knownRegions = (
				en,
				Base,
			);
			mainGroup = C75580A022963CA800FD6175;
			productRefGroup = C75580AA22963CA800FD6175 /* Products */;
			projectDirPath = "";
			projectRoot = "";
			targets = (
				C75580A822963CA800FD6175 /* CocoaPodsTest */,
			);
		};
/* End PBXProject section */

/* Begin PBXResourcesBuildPhase section */
		C75580A722963CA800FD6175 /* Resources */ = {
			isa = PBXResourcesBuildPhase;
			buildActionMask = 2147483647;
			files = (
				C75580B922963CA800FD6175 /* LaunchScreen.storyboard in Resources */,
				C75580B622963CA800FD6175 /* Assets.xcassets in Resources */,
				C75580B422963CA800FD6175 /* Main.storyboard in Resources */,
			);
			runOnlyForDeploymentPostprocessing = 0;
		};
/* End PBXResourcesBuildPhase section */

/* Begin PBXShellScriptBuildPhase section */
		02FA2BC4716E82396F8BBF60 /* [CP] Check Pods Manifest.lock */ = {
			isa = PBXShellScriptBuildPhase;
			buildActionMask = 2147483647;
			files = (
			);
			inputFileListPaths = (
			);
			inputPaths = (
				"${PODS_PODFILE_DIR_PATH}/Podfile.lock",
				"${PODS_ROOT}/Manifest.lock",
			);
			name = "[CP] Check Pods Manifest.lock";
			outputFileListPaths = (
			);
			outputPaths = (
				"$(DERIVED_FILE_DIR)/Pods-CocoaPodsTest-checkManifestLockResult.txt",
			);
			runOnlyForDeploymentPostprocessing = 0;
			shellPath = /bin/sh;
			shellScript = "diff \"${PODS_PODFILE_DIR_PATH}/Podfile.lock\" \"${PODS_ROOT}/Manifest.lock\" > /dev/null\nif [ $? != 0 ] ; then\n    # print error to STDERR\n    echo \"error: The sandbox is not in sync with the Podfile.lock. Run 'pod install' or update your CocoaPods installation.\" >&2\n    exit 1\nfi\n# This output is used by Xcode 'outputs' to avoid re-running this script phase.\necho \"SUCCESS\" > \"${SCRIPT_OUTPUT_FILE_0}\"\n";
			showEnvVarsInLog = 0;
		};
/* End PBXShellScriptBuildPhase section */

/* Begin PBXSourcesBuildPhase section */
		C75580A522963CA800FD6175 /* Sources */ = {
			isa = PBXSourcesBuildPhase;
			buildActionMask = 2147483647;
			files = (
				C75580B122963CA800FD6175 /* ViewController.m in Sources */,
				C75580BC22963CA800FD6175 /* main.m in Sources */,
				C75580AE22963CA800FD6175 /* AppDelegate.m in Sources */,
			);
			runOnlyForDeploymentPostprocessing = 0;
		};
/* End PBXSourcesBuildPhase section */

/* Begin PBXVariantGroup section */
		C75580B222963CA800FD6175 /* Main.storyboard */ = {
			isa = PBXVariantGroup;
			children = (
				C75580B322963CA800FD6175 /* Base */,
			);
			name = Main.storyboard;
			sourceTree = "<group>";
		};
		C75580B722963CA800FD6175 /* LaunchScreen.storyboard */ = {
			isa = PBXVariantGroup;
			children = (
				C75580B822963CA800FD6175 /* Base */,
			);
			name = LaunchScreen.storyboard;
			sourceTree = "<group>";
		};
/* End PBXVariantGroup section */

/* Begin XCBuildConfiguration section */
		C75580BD22963CA800FD6175 /* Debug */ = {
			isa = XCBuildConfiguration;
			buildSettings = {
				ALWAYS_SEARCH_USER_PATHS = NO;
				CLANG_ANALYZER_NONNULL = YES;
				CLANG_ANALYZER_NUMBER_OBJECT_CONVERSION = YES_AGGRESSIVE;
				CLANG_CXX_LANGUAGE_STANDARD = "gnu++14";
				CLANG_CXX_LIBRARY = "libc++";
				CLANG_ENABLE_MODULES = YES;
				CLANG_ENABLE_OBJC_ARC = YES;
				CLANG_ENABLE_OBJC_WEAK = YES;
				CLANG_WARN_BLOCK_CAPTURE_AUTORELEASING = YES;
				CLANG_WARN_BOOL_CONVERSION = YES;
				CLANG_WARN_COMMA = YES;
				CLANG_WARN_CONSTANT_CONVERSION = YES;
				CLANG_WARN_DEPRECATED_OBJC_IMPLEMENTATIONS = YES;
				CLANG_WARN_DIRECT_OBJC_ISA_USAGE = YES_ERROR;
				CLANG_WARN_DOCUMENTATION_COMMENTS = YES;
				CLANG_WARN_EMPTY_BODY = YES;
				CLANG_WARN_ENUM_CONVERSION = YES;
				CLANG_WARN_INFINITE_RECURSION = YES;
				CLANG_WARN_INT_CONVERSION = YES;
				CLANG_WARN_NON_LITERAL_NULL_CONVERSION = YES;
				CLANG_WARN_OBJC_IMPLICIT_RETAIN_SELF = YES;
				CLANG_WARN_OBJC_LITERAL_CONVERSION = YES;
				CLANG_WARN_OBJC_ROOT_CLASS = YES_ERROR;
				CLANG_WARN_RANGE_LOOP_ANALYSIS = YES;
				CLANG_WARN_STRICT_PROTOTYPES = YES;
				CLANG_WARN_SUSPICIOUS_MOVE = YES;
				CLANG_WARN_UNGUARDED_AVAILABILITY = YES_AGGRESSIVE;
				CLANG_WARN_UNREACHABLE_CODE = YES;
				CLANG_WARN__DUPLICATE_METHOD_MATCH = YES;
				CODE_SIGN_IDENTITY = "iPhone Developer";
				COPY_PHASE_STRIP = NO;
				DEBUG_INFORMATION_FORMAT = dwarf;
				ENABLE_STRICT_OBJC_MSGSEND = YES;
				ENABLE_TESTABILITY = YES;
				GCC_C_LANGUAGE_STANDARD = gnu11;
				GCC_DYNAMIC_NO_PIC = NO;
				GCC_NO_COMMON_BLOCKS = YES;
				GCC_OPTIMIZATION_LEVEL = 0;
				GCC_PREPROCESSOR_DEFINITIONS = (
					"DEBUG=1",
					"$(inherited)",
				);
				GCC_WARN_64_TO_32_BIT_CONVERSION = YES;
				GCC_WARN_ABOUT_RETURN_TYPE = YES_ERROR;
				GCC_WARN_UNDECLARED_SELECTOR = YES;
				GCC_WARN_UNINITIALIZED_AUTOS = YES_AGGRESSIVE;
				GCC_WARN_UNUSED_FUNCTION = YES;
				GCC_WARN_UNUSED_VARIABLE = YES;
				IPHONEOS_DEPLOYMENT_TARGET = 11.0;
				MTL_ENABLE_DEBUG_INFO = INCLUDE_SOURCE;
				MTL_FAST_MATH = YES;
				ONLY_ACTIVE_ARCH = YES;
				SDKROOT = iphoneos;
			};
			name = Debug;
		};
		C75580BE22963CA800FD6175 /* Release */ = {
			isa = XCBuildConfiguration;
			buildSettings = {
				ALWAYS_SEARCH_USER_PATHS = NO;
				CLANG_ANALYZER_NONNULL = YES;
				CLANG_ANALYZER_NUMBER_OBJECT_CONVERSION = YES_AGGRESSIVE;
				CLANG_CXX_LANGUAGE_STANDARD = "gnu++14";
				CLANG_CXX_LIBRARY = "libc++";
				CLANG_ENABLE_MODULES = YES;
				CLANG_ENABLE_OBJC_ARC = YES;
				CLANG_ENABLE_OBJC_WEAK = YES;
				CLANG_WARN_BLOCK_CAPTURE_AUTORELEASING = YES;
				CLANG_WARN_BOOL_CONVERSION = YES;
				CLANG_WARN_COMMA = YES;
				CLANG_WARN_CONSTANT_CONVERSION = YES;
				CLANG_WARN_DEPRECATED_OBJC_IMPLEMENTATIONS = YES;
				CLANG_WARN_DIRECT_OBJC_ISA_USAGE = YES_ERROR;
				CLANG_WARN_DOCUMENTATION_COMMENTS = YES;
				CLANG_WARN_EMPTY_BODY = YES;
				CLANG_WARN_ENUM_CONVERSION = YES;
				CLANG_WARN_INFINITE_RECURSION = YES;
				CLANG_WARN_INT_CONVERSION = YES;
				CLANG_WARN_NON_LITERAL_NULL_CONVERSION = YES;
				CLANG_WARN_OBJC_IMPLICIT_RETAIN_SELF = YES;
				CLANG_WARN_OBJC_LITERAL_CONVERSION = YES;
				CLANG_WARN_OBJC_ROOT_CLASS = YES_ERROR;
				CLANG_WARN_RANGE_LOOP_ANALYSIS = YES;
				CLANG_WARN_STRICT_PROTOTYPES = YES;
				CLANG_WARN_SUSPICIOUS_MOVE = YES;
				CLANG_WARN_UNGUARDED_AVAILABILITY = YES_AGGRESSIVE;
				CLANG_WARN_UNREACHABLE_CODE = YES;
				CLANG_WARN__DUPLICATE_METHOD_MATCH = YES;
				CODE_SIGN_IDENTITY = "iPhone Developer";
				COPY_PHASE_STRIP = NO;
				DEBUG_INFORMATION_FORMAT = "dwarf-with-dsym";
				ENABLE_NS_ASSERTIONS = NO;
				ENABLE_STRICT_OBJC_MSGSEND = YES;
				GCC_C_LANGUAGE_STANDARD = gnu11;
				GCC_NO_COMMON_BLOCKS = YES;
				GCC_WARN_64_TO_32_BIT_CONVERSION = YES;
				GCC_WARN_ABOUT_RETURN_TYPE = YES_ERROR;
				GCC_WARN_UNDECLARED_SELECTOR = YES;
				GCC_WARN_UNINITIALIZED_AUTOS = YES_AGGRESSIVE;
				GCC_WARN_UNUSED_FUNCTION = YES;
				GCC_WARN_UNUSED_VARIABLE = YES;
				IPHONEOS_DEPLOYMENT_TARGET = 11.0;
				MTL_ENABLE_DEBUG_INFO = NO;
				MTL_FAST_MATH = YES;
				SDKROOT = iphoneos;
				VALIDATE_PRODUCT = YES;
			};
			name = Release;
		};
		C75580C022963CA800FD6175 /* Debug */ = {
			isa = XCBuildConfiguration;
			baseConfigurationReference = 074BFDEA97F5038A6542CE62 /* Pods-CocoaPodsTest.debug.xcconfig */;
			buildSettings = {
				ASSETCATALOG_COMPILER_APPICON_NAME = AppIcon;
				CODE_SIGN_STYLE = Automatic;
				INFOPLIST_FILE = CocoaPodsTest/Info.plist;
				LD_RUNPATH_SEARCH_PATHS = (
					"$(inherited)",
					"@executable_path/Frameworks",
				);
				PRODUCT_BUNDLE_IDENTIFIER = test.CocoaPodsTest;
				PRODUCT_NAME = "$(TARGET_NAME)";
				TARGETED_DEVICE_FAMILY = "1,2";
			};
			name = Debug;
		};
		C75580C122963CA800FD6175 /* Release */ = {
			isa = XCBuildConfiguration;
			baseConfigurationReference = CBF5E7F3BA632402B8DD6A42 /* Pods-CocoaPodsTest.release.xcconfig */;
			buildSettings = {
				ASSETCATALOG_COMPILER_APPICON_NAME = AppIcon;
				CODE_SIGN_STYLE = Automatic;
				INFOPLIST_FILE = CocoaPodsTest/Info.plist;
				LD_RUNPATH_SEARCH_PATHS = (
					"$(inherited)",
					"@executable_path/Frameworks",
				);
				PRODUCT_BUNDLE_IDENTIFIER = test.CocoaPodsTest;
				PRODUCT_NAME = "$(TARGET_NAME)";
				TARGETED_DEVICE_FAMILY = "1,2";
			};
			name = Release;
		};
/* End XCBuildConfiguration section */

/* Begin XCConfigurationList section */
		C75580A422963CA800FD6175 /* Build configuration list for PBXProject "CocoaPodsTest" */ = {
			isa = XCConfigurationList;
			buildConfigurations = (
				C75580BD22963CA800FD6175 /* Debug */,
				C75580BE22963CA800FD6175 /* Release */,
			);
			defaultConfigurationIsVisible = 0;
			defaultConfigurationName = Release;
		};
		C75580BF22963CA800FD6175 /* Build configuration list for PBXNativeTarget "CocoaPodsTest" */ = {
			isa = XCConfigurationList;
			buildConfigurations = (
				C75580C022963CA800FD6175 /* Debug */,
				C75580C122963CA800FD6175 /* Release */,
			);
			defaultConfigurationIsVisible = 0;
			defaultConfigurationName = Release;
		};
/* End XCConfigurationList section */
	};
	rootObject = C75580A122963CA800FD6175 /* Project object */;
}
